{
  "originHash" : "58e8cb55f4e5a3bf1e9e659024e3b21f0b5dcbf6199157c1696ee9d1e0011156",
  "pins" : [
    {
      "identity" : "networkimage",
      "kind" : "remoteSourceControl",
      "location" : "https://github.com/gonzalezreal/NetworkImage",
      "state" : {
        "revision" : "2849f5323265386e200484b0d0f896e73c3411b9",
        "version" : "6.0.1"
      }
    },
    {
      "identity" : "sendbird-ai-agent-core-ios",
      "kind" : "remoteSourceControl",
      "location" : "https://github.com/sendbird/sendbird-ai-agent-core-ios",
      "state" : {
        "revision" : "e615c04fba66b350e24472f7d0a0eceebe24291f",
        "version" : "0.9.10"
      }
    },
    {
      "identity" : "sendbird-ai-agent-messenger-ios",
      "kind" : "remoteSourceControl",
      "location" : "https://github.com/sendbird/sendbird-ai-agent-messenger-ios",
      "state" : {
        "revision" : "bd7a8d65a73ca64aefbd2edc502e47e7ac38f670",
        "version" : "0.9.10"
      }
    },
    {
      "identity" : "sendbird-chat-sdk-ios",
      "kind" : "remoteSourceControl",
      "location" : "https://github.com/sendbird/sendbird-chat-sdk-ios",
      "state" : {
        "revision" : "7f5a646292e626bd97786c3bdf8c0f7decc8796f",
        "version" : "4.28.0"
      }
    },
    {
      "identity" : "sendbird-uikit-ios-spm",
      "kind" : "remoteSourceControl",
      "location" : "https://github.com/sendbird/sendbird-uikit-ios-spm",
      "state" : {
        "revision" : "2258f753fbfecaab633ecc5870da5b7c42536c05",
        "version" : "3.31.0"
      }
    },
    {
      "identity" : "splash",
      "kind" : "remoteSourceControl",
      "location" : "https://github.com/JohnSundell/Splash",
      "state" : {
        "revision" : "7f4df436eb78fe64fe2c32c58006e9949fa28ad8",
        "version" : "0.16.0"
      }
    },
    {
      "identity" : "swift-cmark",
      "kind" : "remoteSourceControl",
      "location" : "https://github.com/swiftlang/swift-cmark",
      "state" : {
        "revision" : "b022b08312decdc46585e0b3440d97f6f22ef703",
        "version" : "0.6.0"
      }
    },
    {
      "identity" : "swift-markdown-ui",
      "kind" : "remoteSourceControl",
      "location" : "https://github.com/gonzalezreal/swift-markdown-ui",
      "state" : {
        "revision" : "5f613358148239d0292c0cef674a3c2314737f9e",
        "version" : "2.4.1"
      }
    }
  ],
  "version" : 3
}
